// !$*UTF8*$!
{
	archiveVersion = 1;
	classes = {
	};
	objectVersion = 56;
	objects = {

/* Begin PBXBuildFile section */
		447A0A4D2ADD312400A68CCF /* Assets.xcassets in Resources */ = {isa = PBXBuildFile; fileRef = 447A0A4C2ADD312400A68CCF /* Assets.xcassets */; };
		447A0A512ADD312400A68CCF /* Preview Assets.xcassets in Resources */ = {isa = PBXBuildFile; fileRef = 447A0A502ADD312400A68CCF /* Preview Assets.xcassets */; };
		447A0A5B2ADD312400A68CCF /* DemoAppTests.swift in Sources */ = {isa = PBXBuildFile; fileRef = 447A0A5A2ADD312400A68CCF /* DemoAppTests.swift */; };
		447A0A652ADD312400A68CCF /* DemoAppUITests.swift in Sources */ = {isa = PBXBuildFile; fileRef = 447A0A642ADD312400A68CCF /* DemoAppUITests.swift */; };
		447A0A672ADD312400A68CCF /* DemoAppUITestsLaunchTests.swift in Sources */ = {isa = PBXBuildFile; fileRef = 447A0A662ADD312400A68CCF /* DemoAppUITestsLaunchTests.swift */; };
		447A0A742ADD364B00A68CCF /* AppDelegate.swift in Sources */ = {isa = PBXBuildFile; fileRef = 447A0A732ADD364B00A68CCF /* AppDelegate.swift */; };
		447A0A762ADD369100A68CCF /* SceneDelegate.swift in Sources */ = {isa = PBXBuildFile; fileRef = 447A0A752ADD369100A68CCF /* SceneDelegate.swift */; };
		447A0A782ADD36AF00A68CCF /* ApplicationController.swift in Sources */ = {isa = PBXBuildFile; fileRef = 447A0A772ADD36AF00A68CCF /* ApplicationController.swift */; };
		447A0A7B2ADD372A00A68CCF /* MainFlowCoordinator.swift in Sources */ = {isa = PBXBuildFile; fileRef = 447A0A7A2ADD372A00A68CCF /* MainFlowCoordinator.swift */; };
		447A0AA92ADD87F100A68CCF /* MainViewModel.swift in Sources */ = {isa = PBXBuildFile; fileRef = 447A0AA82ADD87F100A68CCF /* MainViewModel.swift */; };
		447A0ABF2ADF029000A68CCF /* MainViewController.swift in Sources */ = {isa = PBXBuildFile; fileRef = 447A0ABE2ADF029000A68CCF /* MainViewController.swift */; };
		447A0AC22ADF0F4A00A68CCF /* UITextField+Combine.swift in Sources */ = {isa = PBXBuildFile; fileRef = 447A0AC12ADF0F4A00A68CCF /* UITextField+Combine.swift */; };
		447A0AC42ADF0FCA00A68CCF /* UIControl+Comine.swift in Sources */ = {isa = PBXBuildFile; fileRef = 447A0AC32ADF0FCA00A68CCF /* UIControl+Comine.swift */; };
		447A0AC62ADF0FF400A68CCF /* ControlEventPublisher.swift in Sources */ = {isa = PBXBuildFile; fileRef = 447A0AC52ADF0FF400A68CCF /* ControlEventPublisher.swift */; };
		447A0AC82ADF104700A68CCF /* ControlPropertyPublisher.swift in Sources */ = {isa = PBXBuildFile; fileRef = 447A0AC72ADF104700A68CCF /* ControlPropertyPublisher.swift */; };
		447A0ACA2ADF140900A68CCF /* HTMLWebViewConstants.swift in Sources */ = {isa = PBXBuildFile; fileRef = 447A0AC92ADF140900A68CCF /* HTMLWebViewConstants.swift */; };
/* End PBXBuildFile section */

/* Begin PBXContainerItemProxy section */
		447A0A572ADD312400A68CCF /* PBXContainerItemProxy */ = {
			isa = PBXContainerItemProxy;
			containerPortal = 447A0A3D2ADD312100A68CCF /* Project object */;
			proxyType = 1;
			remoteGlobalIDString = 447A0A442ADD312100A68CCF;
			remoteInfo = DemoApp;
		};
		447A0A612ADD312400A68CCF /* PBXContainerItemProxy */ = {
			isa = PBXContainerItemProxy;
			containerPortal = 447A0A3D2ADD312100A68CCF /* Project object */;
			proxyType = 1;
			remoteGlobalIDString = 447A0A442ADD312100A68CCF;
			remoteInfo = DemoApp;
		};
/* End PBXContainerItemProxy section */

/* Begin PBXFileReference section */
		447A0A452ADD312100A68CCF /* DemoApp.app */ = {isa = PBXFileReference; explicitFileType = wrapper.application; includeInIndex = 0; path = DemoApp.app; sourceTree = BUILT_PRODUCTS_DIR; };
		447A0A4C2ADD312400A68CCF /* Assets.xcassets */ = {isa = PBXFileReference; lastKnownFileType = folder.assetcatalog; path = Assets.xcassets; sourceTree = "<group>"; };
		447A0A4E2ADD312400A68CCF /* DemoApp.entitlements */ = {isa = PBXFileReference; lastKnownFileType = text.plist.entitlements; path = DemoApp.entitlements; sourceTree = "<group>"; };
		447A0A502ADD312400A68CCF /* Preview Assets.xcassets */ = {isa = PBXFileReference; lastKnownFileType = folder.assetcatalog; path = "Preview Assets.xcassets"; sourceTree = "<group>"; };
		447A0A562ADD312400A68CCF /* DemoAppTests.xctest */ = {isa = PBXFileReference; explicitFileType = wrapper.cfbundle; includeInIndex = 0; path = DemoAppTests.xctest; sourceTree = BUILT_PRODUCTS_DIR; };
		447A0A5A2ADD312400A68CCF /* DemoAppTests.swift */ = {isa = PBXFileReference; lastKnownFileType = sourcecode.swift; path = DemoAppTests.swift; sourceTree = "<group>"; };
		447A0A602ADD312400A68CCF /* DemoAppUITests.xctest */ = {isa = PBXFileReference; explicitFileType = wrapper.cfbundle; includeInIndex = 0; path = DemoAppUITests.xctest; sourceTree = BUILT_PRODUCTS_DIR; };
		447A0A642ADD312400A68CCF /* DemoAppUITests.swift */ = {isa = PBXFileReference; lastKnownFileType = sourcecode.swift; path = DemoAppUITests.swift; sourceTree = "<group>"; };
		447A0A662ADD312400A68CCF /* DemoAppUITestsLaunchTests.swift */ = {isa = PBXFileReference; lastKnownFileType = sourcecode.swift; path = DemoAppUITestsLaunchTests.swift; sourceTree = "<group>"; };
		447A0A732ADD364B00A68CCF /* AppDelegate.swift */ = {isa = PBXFileReference; lastKnownFileType = sourcecode.swift; path = AppDelegate.swift; sourceTree = "<group>"; };
		447A0A752ADD369100A68CCF /* SceneDelegate.swift */ = {isa = PBXFileReference; lastKnownFileType = sourcecode.swift; path = SceneDelegate.swift; sourceTree = "<group>"; };
		447A0A772ADD36AF00A68CCF /* ApplicationController.swift */ = {isa = PBXFileReference; lastKnownFileType = sourcecode.swift; path = ApplicationController.swift; sourceTree = "<group>"; };
		447A0A7A2ADD372A00A68CCF /* MainFlowCoordinator.swift */ = {isa = PBXFileReference; lastKnownFileType = sourcecode.swift; path = MainFlowCoordinator.swift; sourceTree = "<group>"; };
		447A0A7E2ADD390000A68CCF /* Info.plist */ = {isa = PBXFileReference; lastKnownFileType = text.plist; path = Info.plist; sourceTree = "<group>"; };
		447A0AA82ADD87F100A68CCF /* MainViewModel.swift */ = {isa = PBXFileReference; lastKnownFileType = sourcecode.swift; path = MainViewModel.swift; sourceTree = "<group>"; };
		447A0ABE2ADF029000A68CCF /* MainViewController.swift */ = {isa = PBXFileReference; lastKnownFileType = sourcecode.swift; path = MainViewController.swift; sourceTree = "<group>"; };
		447A0AC12ADF0F4A00A68CCF /* UITextField+Combine.swift */ = {isa = PBXFileReference; lastKnownFileType = sourcecode.swift; path = "UITextField+Combine.swift"; sourceTree = "<group>"; };
		447A0AC32ADF0FCA00A68CCF /* UIControl+Comine.swift */ = {isa = PBXFileReference; lastKnownFileType = sourcecode.swift; path = "UIControl+Comine.swift"; sourceTree = "<group>"; };
		447A0AC52ADF0FF400A68CCF /* ControlEventPublisher.swift */ = {isa = PBXFileReference; lastKnownFileType = sourcecode.swift; path = ControlEventPublisher.swift; sourceTree = "<group>"; };
		447A0AC72ADF104700A68CCF /* ControlPropertyPublisher.swift */ = {isa = PBXFileReference; lastKnownFileType = sourcecode.swift; path = ControlPropertyPublisher.swift; sourceTree = "<group>"; };
		447A0AC92ADF140900A68CCF /* HTMLWebViewConstants.swift */ = {isa = PBXFileReference; lastKnownFileType = sourcecode.swift; path = HTMLWebViewConstants.swift; sourceTree = "<group>"; };
/* End PBXFileReference section */

/* Begin PBXFrameworksBuildPhase section */
		447A0A422ADD312100A68CCF /* Frameworks */ = {
			isa = PBXFrameworksBuildPhase;
			buildActionMask = 2147483647;
			files = (
			);
			runOnlyForDeploymentPostprocessing = 0;
		};
		447A0A532ADD312400A68CCF /* Frameworks */ = {
			isa = PBXFrameworksBuildPhase;
			buildActionMask = 2147483647;
			files = (
			);
			runOnlyForDeploymentPostprocessing = 0;
		};
		447A0A5D2ADD312400A68CCF /* Frameworks */ = {
			isa = PBXFrameworksBuildPhase;
			buildActionMask = 2147483647;
			files = (
			);
			runOnlyForDeploymentPostprocessing = 0;
		};
/* End PBXFrameworksBuildPhase section */

/* Begin PBXGroup section */
		447A0A3C2ADD312100A68CCF = {
			isa = PBXGroup;
			children = (
				447A0A472ADD312100A68CCF /* DemoApp */,
				447A0A592ADD312400A68CCF /* DemoAppTests */,
				447A0A632ADD312400A68CCF /* DemoAppUITests */,
				447A0A462ADD312100A68CCF /* Products */,
			);
			sourceTree = "<group>";
		};
		447A0A462ADD312100A68CCF /* Products */ = {
			isa = PBXGroup;
			children = (
				447A0A452ADD312100A68CCF /* DemoApp.app */,
				447A0A562ADD312400A68CCF /* DemoAppTests.xctest */,
				447A0A602ADD312400A68CCF /* DemoAppUITests.xctest */,
			);
			name = Products;
			sourceTree = "<group>";
		};
		447A0A472ADD312100A68CCF /* DemoApp */ = {
			isa = PBXGroup;
			children = (
				447A0A7E2ADD390000A68CCF /* Info.plist */,
				447A0A7C2ADD376000A68CCF /* AppFlows */,
				447A0A732ADD364B00A68CCF /* AppDelegate.swift */,
				447A0A752ADD369100A68CCF /* SceneDelegate.swift */,
				447A0A772ADD36AF00A68CCF /* ApplicationController.swift */,
				447A0A4C2ADD312400A68CCF /* Assets.xcassets */,
				447A0A4E2ADD312400A68CCF /* DemoApp.entitlements */,
				447A0AC02ADF0F3900A68CCF /* Helpers */,
				447A0A4F2ADD312400A68CCF /* Preview Content */,
			);
			path = DemoApp;
			sourceTree = "<group>";
		};
		447A0A4F2ADD312400A68CCF /* Preview Content */ = {
			isa = PBXGroup;
			children = (
				447A0A502ADD312400A68CCF /* Preview Assets.xcassets */,
			);
			path = "Preview Content";
			sourceTree = "<group>";
		};
		447A0A592ADD312400A68CCF /* DemoAppTests */ = {
			isa = PBXGroup;
			children = (
				447A0A5A2ADD312400A68CCF /* DemoAppTests.swift */,
			);
			path = DemoAppTests;
			sourceTree = "<group>";
		};
		447A0A632ADD312400A68CCF /* DemoAppUITests */ = {
			isa = PBXGroup;
			children = (
				447A0A642ADD312400A68CCF /* DemoAppUITests.swift */,
				447A0A662ADD312400A68CCF /* DemoAppUITestsLaunchTests.swift */,
			);
			path = DemoAppUITests;
			sourceTree = "<group>";
		};
		447A0A7C2ADD376000A68CCF /* AppFlows */ = {
			isa = PBXGroup;
			children = (
				447A0A7D2ADD376900A68CCF /* Main */,
			);
			path = AppFlows;
			sourceTree = "<group>";
		};
		447A0A7D2ADD376900A68CCF /* Main */ = {
			isa = PBXGroup;
			children = (
				447A0A7A2ADD372A00A68CCF /* MainFlowCoordinator.swift */,
				447A0AA82ADD87F100A68CCF /* MainViewModel.swift */,
				447A0ABE2ADF029000A68CCF /* MainViewController.swift */,
				447A0AC92ADF140900A68CCF /* HTMLWebViewConstants.swift */,
			);
			path = Main;
			sourceTree = "<group>";
		};
		447A0AC02ADF0F3900A68CCF /* Helpers */ = {
			isa = PBXGroup;
			children = (
				447A0AC12ADF0F4A00A68CCF /* UITextField+Combine.swift */,
				447A0AC32ADF0FCA00A68CCF /* UIControl+Comine.swift */,
				447A0AC52ADF0FF400A68CCF /* ControlEventPublisher.swift */,
				447A0AC72ADF104700A68CCF /* ControlPropertyPublisher.swift */,
			);
			path = Helpers;
			sourceTree = "<group>";
		};
/* End PBXGroup section */

/* Begin PBXNativeTarget section */
		447A0A442ADD312100A68CCF /* DemoApp */ = {
			isa = PBXNativeTarget;
			buildConfigurationList = 447A0A6A2ADD312400A68CCF /* Build configuration list for PBXNativeTarget "DemoApp" */;
			buildPhases = (
				447A0A412ADD312100A68CCF /* Sources */,
				447A0A422ADD312100A68CCF /* Frameworks */,
				447A0A432ADD312100A68CCF /* Resources */,
			);
			buildRules = (
			);
			dependencies = (
			);
			name = DemoApp;
			packageProductDependencies = (
			);
			productName = DemoApp;
			productReference = 447A0A452ADD312100A68CCF /* DemoApp.app */;
			productType = "com.apple.product-type.application";
		};
		447A0A552ADD312400A68CCF /* DemoAppTests */ = {
			isa = PBXNativeTarget;
			buildConfigurationList = 447A0A6D2ADD312400A68CCF /* Build configuration list for PBXNativeTarget "DemoAppTests" */;
			buildPhases = (
				447A0A522ADD312400A68CCF /* Sources */,
				447A0A532ADD312400A68CCF /* Frameworks */,
				447A0A542ADD312400A68CCF /* Resources */,
			);
			buildRules = (
			);
			dependencies = (
				447A0A582ADD312400A68CCF /* PBXTargetDependency */,
			);
			name = DemoAppTests;
			productName = DemoAppTests;
			productReference = 447A0A562ADD312400A68CCF /* DemoAppTests.xctest */;
			productType = "com.apple.product-type.bundle.unit-test";
		};
		447A0A5F2ADD312400A68CCF /* DemoAppUITests */ = {
			isa = PBXNativeTarget;
			buildConfigurationList = 447A0A702ADD312400A68CCF /* Build configuration list for PBXNativeTarget "DemoAppUITests" */;
			buildPhases = (
				447A0A5C2ADD312400A68CCF /* Sources */,
				447A0A5D2ADD312400A68CCF /* Frameworks */,
				447A0A5E2ADD312400A68CCF /* Resources */,
			);
			buildRules = (
			);
			dependencies = (
				447A0A622ADD312400A68CCF /* PBXTargetDependency */,
			);
			name = DemoAppUITests;
			productName = DemoAppUITests;
			productReference = 447A0A602ADD312400A68CCF /* DemoAppUITests.xctest */;
			productType = "com.apple.product-type.bundle.ui-testing";
		};
/* End PBXNativeTarget section */

/* Begin PBXProject section */
		447A0A3D2ADD312100A68CCF /* Project object */ = {
			isa = PBXProject;
			attributes = {
				BuildIndependentTargetsInParallel = 1;
				LastSwiftUpdateCheck = 1500;
				LastUpgradeCheck = 1500;
				TargetAttributes = {
					447A0A442ADD312100A68CCF = {
						CreatedOnToolsVersion = 15.0;
					};
					447A0A552ADD312400A68CCF = {
						CreatedOnToolsVersion = 15.0;
						TestTargetID = 447A0A442ADD312100A68CCF;
					};
					447A0A5F2ADD312400A68CCF = {
						CreatedOnToolsVersion = 15.0;
						TestTargetID = 447A0A442ADD312100A68CCF;
					};
				};
			};
			buildConfigurationList = 447A0A402ADD312100A68CCF /* Build configuration list for PBXProject "DemoApp" */;
			compatibilityVersion = "Xcode 14.0";
			developmentRegion = en;
			hasScannedForEncodings = 0;
			knownRegions = (
				en,
				Base,
			);
			mainGroup = 447A0A3C2ADD312100A68CCF;
			packageReferences = (
			);
			productRefGroup = 447A0A462ADD312100A68CCF /* Products */;
			projectDirPath = "";
			projectRoot = "";
			targets = (
				447A0A442ADD312100A68CCF /* DemoApp */,
				447A0A552ADD312400A68CCF /* DemoAppTests */,
				447A0A5F2ADD312400A68CCF /* DemoAppUITests */,
			);
		};
/* End PBXProject section */

/* Begin PBXResourcesBuildPhase section */
		447A0A432ADD312100A68CCF /* Resources */ = {
			isa = PBXResourcesBuildPhase;
			buildActionMask = 2147483647;
			files = (
				447A0A512ADD312400A68CCF /* Preview Assets.xcassets in Resources */,
				447A0A4D2ADD312400A68CCF /* Assets.xcassets in Resources */,
			);
			runOnlyForDeploymentPostprocessing = 0;
		};
		447A0A542ADD312400A68CCF /* Resources */ = {
			isa = PBXResourcesBuildPhase;
			buildActionMask = 2147483647;
			files = (
			);
			runOnlyForDeploymentPostprocessing = 0;
		};
		447A0A5E2ADD312400A68CCF /* Resources */ = {
			isa = PBXResourcesBuildPhase;
			buildActionMask = 2147483647;
			files = (
			);
			runOnlyForDeploymentPostprocessing = 0;
		};
/* End PBXResourcesBuildPhase section */

/* Begin PBXSourcesBuildPhase section */
		447A0A412ADD312100A68CCF /* Sources */ = {
			isa = PBXSourcesBuildPhase;
			buildActionMask = 2147483647;
			files = (
				447A0A742ADD364B00A68CCF /* AppDelegate.swift in Sources */,
				447A0ABF2ADF029000A68CCF /* MainViewController.swift in Sources */,
				447A0A7B2ADD372A00A68CCF /* MainFlowCoordinator.swift in Sources */,
				447A0A762ADD369100A68CCF /* SceneDelegate.swift in Sources */,
				447A0ACA2ADF140900A68CCF /* HTMLWebViewConstants.swift in Sources */,
				447A0AC22ADF0F4A00A68CCF /* UITextField+Combine.swift in Sources */,
				447A0AC82ADF104700A68CCF /* ControlPropertyPublisher.swift in Sources */,
				447A0AC62ADF0FF400A68CCF /* ControlEventPublisher.swift in Sources */,
				447A0AA92ADD87F100A68CCF /* MainViewModel.swift in Sources */,
				447A0AC42ADF0FCA00A68CCF /* UIControl+Comine.swift in Sources */,
				447A0A782ADD36AF00A68CCF /* ApplicationController.swift in Sources */,
			);
			runOnlyForDeploymentPostprocessing = 0;
		};
		447A0A522ADD312400A68CCF /* Sources */ = {
			isa = PBXSourcesBuildPhase;
			buildActionMask = 2147483647;
			files = (
				447A0A5B2ADD312400A68CCF /* DemoAppTests.swift in Sources */,
			);
			runOnlyForDeploymentPostprocessing = 0;
		};
		447A0A5C2ADD312400A68CCF /* Sources */ = {
			isa = PBXSourcesBuildPhase;
			buildActionMask = 2147483647;
			files = (
				447A0A652ADD312400A68CCF /* DemoAppUITests.swift in Sources */,
				447A0A672ADD312400A68CCF /* DemoAppUITestsLaunchTests.swift in Sources */,
			);
			runOnlyForDeploymentPostprocessing = 0;
		};
/* End PBXSourcesBuildPhase section */

/* Begin PBXTargetDependency section */
		447A0A582ADD312400A68CCF /* PBXTargetDependency */ = {
			isa = PBXTargetDependency;
			target = 447A0A442ADD312100A68CCF /* DemoApp */;
			targetProxy = 447A0A572ADD312400A68CCF /* PBXContainerItemProxy */;
		};
		447A0A622ADD312400A68CCF /* PBXTargetDependency */ = {
			isa = PBXTargetDependency;
			target = 447A0A442ADD312100A68CCF /* DemoApp */;
			targetProxy = 447A0A612ADD312400A68CCF /* PBXContainerItemProxy */;
		};
/* End PBXTargetDependency section */

/* Begin XCBuildConfiguration section */
		447A0A682ADD312400A68CCF /* Debug */ = {
			isa = XCBuildConfiguration;
			buildSettings = {
				ALWAYS_SEARCH_USER_PATHS = NO;
				ASSETCATALOG_COMPILER_GENERATE_SWIFT_ASSET_SYMBOL_EXTENSIONS = YES;
				CLANG_ANALYZER_NONNULL = YES;
				CLANG_ANALYZER_NUMBER_OBJECT_CONVERSION = YES_AGGRESSIVE;
				CLANG_CXX_LANGUAGE_STANDARD = "gnu++20";
				CLANG_ENABLE_MODULES = YES;
				CLANG_ENABLE_OBJC_ARC = YES;
				CLANG_ENABLE_OBJC_WEAK = YES;
				CLANG_WARN_BLOCK_CAPTURE_AUTORELEASING = YES;
				CLANG_WARN_BOOL_CONVERSION = YES;
				CLANG_WARN_COMMA = YES;
				CLANG_WARN_CONSTANT_CONVERSION = YES;
				CLANG_WARN_DEPRECATED_OBJC_IMPLEMENTATIONS = YES;
				CLANG_WARN_DIRECT_OBJC_ISA_USAGE = YES_ERROR;
				CLANG_WARN_DOCUMENTATION_COMMENTS = YES;
				CLANG_WARN_EMPTY_BODY = YES;
				CLANG_WARN_ENUM_CONVERSION = YES;
				CLANG_WARN_INFINITE_RECURSION = YES;
				CLANG_WARN_INT_CONVERSION = YES;
				CLANG_WARN_NON_LITERAL_NULL_CONVERSION = YES;
				CLANG_WARN_OBJC_IMPLICIT_RETAIN_SELF = YES;
				CLANG_WARN_OBJC_LITERAL_CONVERSION = YES;
				CLANG_WARN_OBJC_ROOT_CLASS = YES_ERROR;
				CLANG_WARN_QUOTED_INCLUDE_IN_FRAMEWORK_HEADER = YES;
				CLANG_WARN_RANGE_LOOP_ANALYSIS = YES;
				CLANG_WARN_STRICT_PROTOTYPES = YES;
				CLANG_WARN_SUSPICIOUS_MOVE = YES;
				CLANG_WARN_UNGUARDED_AVAILABILITY = YES_AGGRESSIVE;
				CLANG_WARN_UNREACHABLE_CODE = YES;
				CLANG_WARN__DUPLICATE_METHOD_MATCH = YES;
				COPY_PHASE_STRIP = NO;
				DEBUG_INFORMATION_FORMAT = dwarf;
				ENABLE_STRICT_OBJC_MSGSEND = YES;
				ENABLE_TESTABILITY = YES;
				ENABLE_USER_SCRIPT_SANDBOXING = YES;
				GCC_C_LANGUAGE_STANDARD = gnu17;
				GCC_DYNAMIC_NO_PIC = NO;
				GCC_NO_COMMON_BLOCKS = YES;
				GCC_OPTIMIZATION_LEVEL = 0;
				GCC_PREPROCESSOR_DEFINITIONS = (
					"DEBUG=1",
					"$(inherited)",
				);
				GCC_WARN_64_TO_32_BIT_CONVERSION = YES;
				GCC_WARN_ABOUT_RETURN_TYPE = YES_ERROR;
				GCC_WARN_UNDECLARED_SELECTOR = YES;
				GCC_WARN_UNINITIALIZED_AUTOS = YES_AGGRESSIVE;
				GCC_WARN_UNUSED_FUNCTION = YES;
				GCC_WARN_UNUSED_VARIABLE = YES;
				LOCALIZATION_PREFERS_STRING_CATALOGS = YES;
				MTL_ENABLE_DEBUG_INFO = INCLUDE_SOURCE;
				MTL_FAST_MATH = YES;
				ONLY_ACTIVE_ARCH = YES;
				SWIFT_ACTIVE_COMPILATION_CONDITIONS = "DEBUG $(inherited)";
				SWIFT_OPTIMIZATION_LEVEL = "-Onone";
			};
			name = Debug;
		};
		447A0A692ADD312400A68CCF /* Release */ = {
			isa = XCBuildConfiguration;
			buildSettings = {
				ALWAYS_SEARCH_USER_PATHS = NO;
				ASSETCATALOG_COMPILER_GENERATE_SWIFT_ASSET_SYMBOL_EXTENSIONS = YES;
				CLANG_ANALYZER_NONNULL = YES;
				CLANG_ANALYZER_NUMBER_OBJECT_CONVERSION = YES_AGGRESSIVE;
				CLANG_CXX_LANGUAGE_STANDARD = "gnu++20";
				CLANG_ENABLE_MODULES = YES;
				CLANG_ENABLE_OBJC_ARC = YES;
				CLANG_ENABLE_OBJC_WEAK = YES;
				CLANG_WARN_BLOCK_CAPTURE_AUTORELEASING = YES;
				CLANG_WARN_BOOL_CONVERSION = YES;
				CLANG_WARN_COMMA = YES;
				CLANG_WARN_CONSTANT_CONVERSION = YES;
				CLANG_WARN_DEPRECATED_OBJC_IMPLEMENTATIONS = YES;
				CLANG_WARN_DIRECT_OBJC_ISA_USAGE = YES_ERROR;
				CLANG_WARN_DOCUMENTATION_COMMENTS = YES;
				CLANG_WARN_EMPTY_BODY = YES;
				CLANG_WARN_ENUM_CONVERSION = YES;
				CLANG_WARN_INFINITE_RECURSION = YES;
				CLANG_WARN_INT_CONVERSION = YES;
				CLANG_WARN_NON_LITERAL_NULL_CONVERSION = YES;
				CLANG_WARN_OBJC_IMPLICIT_RETAIN_SELF = YES;
				CLANG_WARN_OBJC_LITERAL_CONVERSION = YES;
				CLANG_WARN_OBJC_ROOT_CLASS = YES_ERROR;
				CLANG_WARN_QUOTED_INCLUDE_IN_FRAMEWORK_HEADER = YES;
				CLANG_WARN_RANGE_LOOP_ANALYSIS = YES;
				CLANG_WARN_STRICT_PROTOTYPES = YES;
				CLANG_WARN_SUSPICIOUS_MOVE = YES;
				CLANG_WARN_UNGUARDED_AVAILABILITY = YES_AGGRESSIVE;
				CLANG_WARN_UNREACHABLE_CODE = YES;
				CLANG_WARN__DUPLICATE_METHOD_MATCH = YES;
				COPY_PHASE_STRIP = NO;
				DEBUG_INFORMATION_FORMAT = "dwarf-with-dsym";
				ENABLE_NS_ASSERTIONS = NO;
				ENABLE_STRICT_OBJC_MSGSEND = YES;
				ENABLE_USER_SCRIPT_SANDBOXING = YES;
				GCC_C_LANGUAGE_STANDARD = gnu17;
				GCC_NO_COMMON_BLOCKS = YES;
				GCC_WARN_64_TO_32_BIT_CONVERSION = YES;
				GCC_WARN_ABOUT_RETURN_TYPE = YES_ERROR;
				GCC_WARN_UNDECLARED_SELECTOR = YES;
				GCC_WARN_UNINITIALIZED_AUTOS = YES_AGGRESSIVE;
				GCC_WARN_UNUSED_FUNCTION = YES;
				GCC_WARN_UNUSED_VARIABLE = YES;
				LOCALIZATION_PREFERS_STRING_CATALOGS = YES;
				MTL_ENABLE_DEBUG_INFO = NO;
				MTL_FAST_MATH = YES;
				SWIFT_COMPILATION_MODE = wholemodule;
			};
			name = Release;
		};
		447A0A6B2ADD312400A68CCF /* Debug */ = {
			isa = XCBuildConfiguration;
			buildSettings = {
				ASSETCATALOG_COMPILER_APPICON_NAME = AppIcon;
				ASSETCATALOG_COMPILER_GLOBAL_ACCENT_COLOR_NAME = AccentColor;
				CODE_SIGN_ENTITLEMENTS = DemoApp/DemoApp.entitlements;
				CODE_SIGN_STYLE = Automatic;
				CURRENT_PROJECT_VERSION = 1;
				DEVELOPMENT_ASSET_PATHS = "\"DemoApp/Preview Content\"";
				DEVELOPMENT_TEAM = 9DB8872T2A;
				ENABLE_HARDENED_RUNTIME = YES;
				ENABLE_PREVIEWS = YES;
				GENERATE_INFOPLIST_FILE = YES;
				INFOPLIST_FILE = DemoApp/Info.plist;
				"INFOPLIST_KEY_UIApplicationSceneManifest_Generation[sdk=iphoneos*]" = YES;
				"INFOPLIST_KEY_UIApplicationSceneManifest_Generation[sdk=iphonesimulator*]" = YES;
				"INFOPLIST_KEY_UIApplicationSupportsIndirectInputEvents[sdk=iphoneos*]" = YES;
				"INFOPLIST_KEY_UIApplicationSupportsIndirectInputEvents[sdk=iphonesimulator*]" = YES;
				"INFOPLIST_KEY_UILaunchScreen_Generation[sdk=iphoneos*]" = YES;
				"INFOPLIST_KEY_UILaunchScreen_Generation[sdk=iphonesimulator*]" = YES;
				INFOPLIST_KEY_UIRequiresFullScreen = NO;
				"INFOPLIST_KEY_UIStatusBarStyle[sdk=iphoneos*]" = UIStatusBarStyleDefault;
				"INFOPLIST_KEY_UIStatusBarStyle[sdk=iphonesimulator*]" = UIStatusBarStyleDefault;
				INFOPLIST_KEY_UISupportedInterfaceOrientations_iPad = "UIInterfaceOrientationPortrait UIInterfaceOrientationPortraitUpsideDown UIInterfaceOrientationLandscapeLeft UIInterfaceOrientationLandscapeRight";
				INFOPLIST_KEY_UISupportedInterfaceOrientations_iPhone = "UIInterfaceOrientationPortrait UIInterfaceOrientationLandscapeLeft UIInterfaceOrientationLandscapeRight";
				IPHONEOS_DEPLOYMENT_TARGET = 16.0;
				LD_RUNPATH_SEARCH_PATHS = "@executable_path/Frameworks";
				"LD_RUNPATH_SEARCH_PATHS[sdk=macosx*]" = "@executable_path/../Frameworks";
				MACOSX_DEPLOYMENT_TARGET = 13.5;
				MARKETING_VERSION = 1.0;
				PRODUCT_BUNDLE_IDENTIFIER = me.honcharenko.DemoApp;
				PRODUCT_NAME = "$(TARGET_NAME)";
				SDKROOT = auto;
				SUPPORTED_PLATFORMS = "iphoneos iphonesimulator";
				SUPPORTS_MACCATALYST = NO;
				SWIFT_EMIT_LOC_STRINGS = YES;
				SWIFT_VERSION = 5.0;
				TARGETED_DEVICE_FAMILY = "1,2";
			};
			name = Debug;
		};
		447A0A6C2ADD312400A68CCF /* Release */ = {
			isa = XCBuildConfiguration;
			buildSettings = {
				ASSETCATALOG_COMPILER_APPICON_NAME = AppIcon;
				ASSETCATALOG_COMPILER_GLOBAL_ACCENT_COLOR_NAME = AccentColor;
				CODE_SIGN_ENTITLEMENTS = DemoApp/DemoApp.entitlements;
				CODE_SIGN_STYLE = Automatic;
				CURRENT_PROJECT_VERSION = 1;
				DEVELOPMENT_ASSET_PATHS = "\"DemoApp/Preview Content\"";
				DEVELOPMENT_TEAM = 9DB8872T2A;
				ENABLE_HARDENED_RUNTIME = YES;
				ENABLE_PREVIEWS = YES;
				GENERATE_INFOPLIST_FILE = YES;
				INFOPLIST_FILE = DemoApp/Info.plist;
				"INFOPLIST_KEY_UIApplicationSceneManifest_Generation[sdk=iphoneos*]" = YES;
				"INFOPLIST_KEY_UIApplicationSceneManifest_Generation[sdk=iphonesimulator*]" = YES;
				"INFOPLIST_KEY_UIApplicationSupportsIndirectInputEvents[sdk=iphoneos*]" = YES;
				"INFOPLIST_KEY_UIApplicationSupportsIndirectInputEvents[sdk=iphonesimulator*]" = YES;
				"INFOPLIST_KEY_UILaunchScreen_Generation[sdk=iphoneos*]" = YES;
				"INFOPLIST_KEY_UILaunchScreen_Generation[sdk=iphonesimulator*]" = YES;
				INFOPLIST_KEY_UIRequiresFullScreen = NO;
				"INFOPLIST_KEY_UIStatusBarStyle[sdk=iphoneos*]" = UIStatusBarStyleDefault;
				"INFOPLIST_KEY_UIStatusBarStyle[sdk=iphonesimulator*]" = UIStatusBarStyleDefault;
				INFOPLIST_KEY_UISupportedInterfaceOrientations_iPad = "UIInterfaceOrientationPortrait UIInterfaceOrientationPortraitUpsideDown UIInterfaceOrientationLandscapeLeft UIInterfaceOrientationLandscapeRight";
				INFOPLIST_KEY_UISupportedInterfaceOrientations_iPhone = "UIInterfaceOrientationPortrait UIInterfaceOrientationLandscapeLeft UIInterfaceOrientationLandscapeRight";
				IPHONEOS_DEPLOYMENT_TARGET = 16.0;
				LD_RUNPATH_SEARCH_PATHS = "@executable_path/Frameworks";
				"LD_RUNPATH_SEARCH_PATHS[sdk=macosx*]" = "@executable_path/../Frameworks";
				MACOSX_DEPLOYMENT_TARGET = 13.5;
				MARKETING_VERSION = 1.0;
				PRODUCT_BUNDLE_IDENTIFIER = me.honcharenko.DemoApp;
				PRODUCT_NAME = "$(TARGET_NAME)";
				SDKROOT = auto;
				SUPPORTED_PLATFORMS = "iphoneos iphonesimulator";
				SUPPORTS_MACCATALYST = NO;
				SWIFT_EMIT_LOC_STRINGS = YES;
				SWIFT_VERSION = 5.0;
				TARGETED_DEVICE_FAMILY = "1,2";
			};
			name = Release;
		};
		447A0A6E2ADD312400A68CCF /* Debug */ = {
			isa = XCBuildConfiguration;
			buildSettings = {
				ALWAYS_EMBED_SWIFT_STANDARD_LIBRARIES = YES;
				BUNDLE_LOADER = "$(TEST_HOST)";
				CODE_SIGN_STYLE = Automatic;
				CURRENT_PROJECT_VERSION = 1;
				DEVELOPMENT_TEAM = 9DB8872T2A;
				GENERATE_INFOPLIST_FILE = YES;
				IPHONEOS_DEPLOYMENT_TARGET = 17.0;
				MACOSX_DEPLOYMENT_TARGET = 13.5;
				MARKETING_VERSION = 1.0;
				PRODUCT_BUNDLE_IDENTIFIER = me.honcharenko.DemoAppTests;
				PRODUCT_NAME = "$(TARGET_NAME)";
				SDKROOT = auto;
				SUPPORTED_PLATFORMS = "iphoneos iphonesimulator macosx";
				SWIFT_EMIT_LOC_STRINGS = NO;
				SWIFT_VERSION = 5.0;
				TARGETED_DEVICE_FAMILY = "1,2";
				TEST_HOST = "$(BUILT_PRODUCTS_DIR)/DemoApp.app/$(BUNDLE_EXECUTABLE_FOLDER_PATH)/DemoApp";
			};
			name = Debug;
		};
		447A0A6F2ADD312400A68CCF /* Release */ = {
			isa = XCBuildConfiguration;
			buildSettings = {
				ALWAYS_EMBED_SWIFT_STANDARD_LIBRARIES = YES;
				BUNDLE_LOADER = "$(TEST_HOST)";
				CODE_SIGN_STYLE = Automatic;
				CURRENT_PROJECT_VERSION = 1;
				DEVELOPMENT_TEAM = 9DB8872T2A;
				GENERATE_INFOPLIST_FILE = YES;
				IPHONEOS_DEPLOYMENT_TARGET = 17.0;
				MACOSX_DEPLOYMENT_TARGET = 13.5;
				MARKETING_VERSION = 1.0;
				PRODUCT_BUNDLE_IDENTIFIER = me.honcharenko.DemoAppTests;
				PRODUCT_NAME = "$(TARGET_NAME)";
				SDKROOT = auto;
				SUPPORTED_PLATFORMS = "iphoneos iphonesimulator macosx";
				SWIFT_EMIT_LOC_STRINGS = NO;
				SWIFT_VERSION = 5.0;
				TARGETED_DEVICE_FAMILY = "1,2";
				TEST_HOST = "$(BUILT_PRODUCTS_DIR)/DemoApp.app/$(BUNDLE_EXECUTABLE_FOLDER_PATH)/DemoApp";
			};
			name = Release;
		};
		447A0A712ADD312400A68CCF /* Debug */ = {
			isa = XCBuildConfiguration;
			buildSettings = {
				ALWAYS_EMBED_SWIFT_STANDARD_LIBRARIES = YES;
				CODE_SIGN_STYLE = Automatic;
				CURRENT_PROJECT_VERSION = 1;
				DEVELOPMENT_TEAM = 9DB8872T2A;
				GENERATE_INFOPLIST_FILE = YES;
				IPHONEOS_DEPLOYMENT_TARGET = 17.0;
				MACOSX_DEPLOYMENT_TARGET = 13.5;
				MARKETING_VERSION = 1.0;
				PRODUCT_BUNDLE_IDENTIFIER = me.honcharenko.DemoAppUITests;
				PRODUCT_NAME = "$(TARGET_NAME)";
				SDKROOT = auto;
				SUPPORTED_PLATFORMS = "iphoneos iphonesimulator macosx";
				SWIFT_EMIT_LOC_STRINGS = NO;
				SWIFT_VERSION = 5.0;
				TARGETED_DEVICE_FAMILY = "1,2";
				TEST_TARGET_NAME = DemoApp;
			};
			name = Debug;
		};
		447A0A722ADD312400A68CCF /* Release */ = {
			isa = XCBuildConfiguration;
			buildSettings = {
				ALWAYS_EMBED_SWIFT_STANDARD_LIBRARIES = YES;
				CODE_SIGN_STYLE = Automatic;
				CURRENT_PROJECT_VERSION = 1;
				DEVELOPMENT_TEAM = 9DB8872T2A;
				GENERATE_INFOPLIST_FILE = YES;
				IPHONEOS_DEPLOYMENT_TARGET = 17.0;
				MACOSX_DEPLOYMENT_TARGET = 13.5;
				MARKETING_VERSION = 1.0;
				PRODUCT_BUNDLE_IDENTIFIER = me.honcharenko.DemoAppUITests;
				PRODUCT_NAME = "$(TARGET_NAME)";
				SDKROOT = auto;
				SUPPORTED_PLATFORMS = "iphoneos iphonesimulator macosx";
				SWIFT_EMIT_LOC_STRINGS = NO;
				SWIFT_VERSION = 5.0;
				TARGETED_DEVICE_FAMILY = "1,2";
				TEST_TARGET_NAME = DemoApp;
			};
			name = Release;
		};
/* End XCBuildConfiguration section */

/* Begin XCConfigurationList section */
		447A0A402ADD312100A68CCF /* Build configuration list for PBXProject "DemoApp" */ = {
			isa = XCConfigurationList;
			buildConfigurations = (
				447A0A682ADD312400A68CCF /* Debug */,
				447A0A692ADD312400A68CCF /* Release */,
			);
			defaultConfigurationIsVisible = 0;
			defaultConfigurationName = Release;
		};
		447A0A6A2ADD312400A68CCF /* Build configuration list for PBXNativeTarget "DemoApp" */ = {
			isa = XCConfigurationList;
			buildConfigurations = (
				447A0A6B2ADD312400A68CCF /* Debug */,
				447A0A6C2ADD312400A68CCF /* Release */,
			);
			defaultConfigurationIsVisible = 0;
			defaultConfigurationName = Release;
		};
		447A0A6D2ADD312400A68CCF /* Build configuration list for PBXNativeTarget "DemoAppTests" */ = {
			isa = XCConfigurationList;
			buildConfigurations = (
				447A0A6E2ADD312400A68CCF /* Debug */,
				447A0A6F2ADD312400A68CCF /* Release */,
			);
			defaultConfigurationIsVisible = 0;
			defaultConfigurationName = Release;
		};
		447A0A702ADD312400A68CCF /* Build configuration list for PBXNativeTarget "DemoAppUITests" */ = {
			isa = XCConfigurationList;
			buildConfigurations = (
				447A0A712ADD312400A68CCF /* Debug */,
				447A0A722ADD312400A68CCF /* Release */,
			);
			defaultConfigurationIsVisible = 0;
			defaultConfigurationName = Release;
		};
/* End XCConfigurationList section */
	};
	rootObject = 447A0A3D2ADD312100A68CCF /* Project object */;
}
